{
  "object": {
    "pins": [
      {
        "package": "Alamofire",
        "repositoryURL": "https://github.com/Alamofire/Alamofire",
        "state": {
          "branch": "xcode13",
          "revision": "b1205a15ce933edb616b8aab29e41746281a0f53",
          "version": null
        }
      },
      {
        "package": "CryptoSwift",
        "repositoryURL": "https://github.com/krzyzanowskim/CryptoSwift",
        "state": {
          "branch": null,
          "revision": "8d4f6384e0a8cc41f2005247241dd553963a492a",
          "version": "1.4.1"
        }
      },
      {
        "package": "JWTDecode",
        "repositoryURL": "https://github.com/auth0/JWTDecode.swift",
        "state": {
          "branch": null,
          "revision": "22e3d174e9df2962f0268a31dac45e5ea54a6e62",
          "version": "2.6.1"
        }
      },
      {
        "package": "ObjectMapper",
        "repositoryURL": "https://github.com/Hearst-DD/ObjectMapper",
        "state": {
          "branch": null,
          "revision": "0b96a734de3ea1c87374ae677064f86adb0716ec",
          "version": "4.2.0"
        }
      },
      {
        "package": "PromiseKit",
        "repositoryURL": "https://github.com/mxcl/PromiseKit",
        "state": {
          "branch": null,
          "revision": "d2f7ba14bcdc45e18f4f60ad9df883fb9055f081",
          "version": "6.15.3"
        }
      },
      {
        "package": "PayseraAccountsSDK",
        "repositoryURL": "https://github.com/paysera/swift-lib-accounts-sdk",
        "state": {
          "branch": "xcode13",
          "revision": "059d6d286c27be376aef09d0d29b3df3ae998ae3",
          "version": null
        }
      },
      {
        "package": "PayseraCommonSDK",
        "repositoryURL": "https://github.com/paysera/swift-lib-common-sdk",
        "state": {
          "branch": "xcode13",
          "revision": "a2e4f49f2e403bfebed2c856ac2e6d4931b2359f",
          "version": null
        }
      }
    ]
  },
  "version": 1
}
